
Microsoft Visual Studio Solution File, Format Version 12.00
# Visual Studio Version 17
VisualStudioVersion = 17.12.35707.178 d17.12
MinimumVisualStudioVersion = 10.0.40219.1
Project("{FAE04EC0-301F-11D3-BF4B-00C04F79EFBC}") = "task-managment-app", "task-managment-app.csproj", "{F26F46F4-C7CA-40CB-B83F-B6FDA656877F}"
EndProject
Global
	GlobalSection(SolutionConfigurationPlatforms) = preSolution
		Debug|Any CPU = Debug|Any CPU
		Release|Any CPU = Release|Any CPU
	EndGlobalSection
	GlobalSection(ProjectConfigurationPlatforms) = postSolution
		{F26F46F4-C7CA-40CB-B83F-B6FDA656877F}.Debug|Any CPU.ActiveCfg = Debug|Any CPU
		{F26F46F4-C7CA-40CB-B83F-B6FDA656877F}.Debug|Any CPU.Build.0 = Debug|Any CPU
		{F26F46F4-C7CA-40CB-B83F-B6FDA656877F}.Release|Any CPU.ActiveCfg = Release|Any CPU
		{F26F46F4-C7CA-40CB-B83F-B6FDA656877F}.Release|Any CPU.Build.0 = Release|Any CPU
	EndGlobalSection
	GlobalSection(SolutionProperties) = preSolution
		HideSolutionNode = FALSE
	EndGlobalSection
EndGlobal
